
Microsoft Visual Studio Solution File, Format Version 12.00
# Visual Studio Version 17
VisualStudioVersion = 17.0.31903.59
MinimumVisualStudioVersion = 10.0.40219.1
Project("{9A19103F-16F7-4668-BE54-9A1E7A4F7556}") = "North_DbFirst", "North_DbFirst\North_DbFirst.csproj", "{2BB85093-C25E-4A3A-9AF1-4D30201FDFEE}"
EndProject
Project("{FAE04EC0-301F-11D3-BF4B-00C04F79EFBC}") = "KuzeyCodeFirst", "KuzeyCodeFirst\KuzeyCodeFirst.csproj", "{BA5B9B92-0E4D-47B1-9B95-A75D08A451AA}"
EndProject
Global
	GlobalSection(SolutionConfigurationPlatforms) = preSolution
		Debug|Any CPU = Debug|Any CPU
		Release|Any CPU = Release|Any CPU
	EndGlobalSection
	GlobalSection(ProjectConfigurationPlatforms) = postSolution
		{2BB85093-C25E-4A3A-9AF1-4D30201FDFEE}.Debug|Any CPU.ActiveCfg = Debug|Any CPU
		{2BB85093-C25E-4A3A-9AF1-4D30201FDFEE}.Debug|Any CPU.Build.0 = Debug|Any CPU
		{2BB85093-C25E-4A3A-9AF1-4D30201FDFEE}.Release|Any CPU.ActiveCfg = Release|Any CPU
		{2BB85093-C25E-4A3A-9AF1-4D30201FDFEE}.Release|Any CPU.Build.0 = Release|Any CPU
		{BA5B9B92-0E4D-47B1-9B95-A75D08A451AA}.Debug|Any CPU.ActiveCfg = Debug|Any CPU
		{BA5B9B92-0E4D-47B1-9B95-A75D08A451AA}.Debug|Any CPU.Build.0 = Debug|Any CPU
		{BA5B9B92-0E4D-47B1-9B95-A75D08A451AA}.Release|Any CPU.ActiveCfg = Release|Any CPU
		{BA5B9B92-0E4D-47B1-9B95-A75D08A451AA}.Release|Any CPU.Build.0 = Release|Any CPU
	EndGlobalSection
	GlobalSection(SolutionProperties) = preSolution
		HideSolutionNode = FALSE
	EndGlobalSection
	GlobalSection(ExtensibilityGlobals) = postSolution
		SolutionGuid = {F693BF2F-22F7-4EFD-A084-7688D405EBB5}
	EndGlobalSection
EndGlobal
